
Microsoft Visual Studio Solution File, Format Version 11.00
# Visual Studio 2010
Project("{FAE04EC0-301F-11D3-BF4B-00C04F79EFBC}") = "MavenThought.Commons.Testing", "main\MavenThought.Commons.Testing\MavenThought.Commons.Testing.csproj", "{4E58AA39-C923-4536-BAEB-3BB7D855FF13}"
EndProject
Project("{2150E333-8FDC-42A3-9474-1A3956D46DE8}") = "Tests", "Tests", "{1AED2709-E3F1-43D7-9089-EF8AFEA56C4A}"
EndProject
Project("{FAE04EC0-301F-11D3-BF4B-00C04F79EFBC}") = "MavenThought.Commons.Testing.Tests", "test\MavenThought.Commons.Testing.Tests\MavenThought.Commons.Testing.Tests.csproj", "{92C3DB7B-6E96-4F66-AD74-805EFDFFA714}"
EndProject
Project("{FAE04EC0-301F-11D3-BF4B-00C04F79EFBC}") = "MavenThought.Commons.Testing.NUnit", "main\MavenThought.Commons.Testing.NUnit\MavenThought.Commons.Testing.NUnit.csproj", "{B3D36CB1-3AA7-4A51-9F9C-CDBD9D1F382E}"
EndProject
Project("{FAE04EC0-301F-11D3-BF4B-00C04F79EFBC}") = "MavenThought.Commons.Testing.NUnit.Tests", "test\MavenThought.Commons.Testing.NUnit.Tests\MavenThought.Commons.Testing.NUnit.Tests.csproj", "{3F3FFD58-C16D-451E-8F70-5BC2FA10E4BB}"
EndProject
Project("{FAE04EC0-301F-11D3-BF4B-00C04F79EFBC}") = "MavenThought.Commons.Testing.MsTest", "main\MavenThought.Commons.Testing.MsTest\MavenThought.Commons.Testing.MsTest.csproj", "{4ECD3600-F85F-4AA0-98EB-E40C42C30C7C}"
EndProject
Project("{FAE04EC0-301F-11D3-BF4B-00C04F79EFBC}") = "MavenThought.Commons.Testing.Example", "test\MavenThought.Commons.Testing.Example\MavenThought.Commons.Testing.Example.csproj", "{CA9984DE-A436-4302-899B-8435F9658AEC}"
EndProject
Project("{FAE04EC0-301F-11D3-BF4B-00C04F79EFBC}") = "MavenThought.Commons.Testing.MsTest.Tests", "test\MavenThought.Commons.Testing.MsTest.Tests\MavenThought.Commons.Testing.MsTest.Tests.csproj", "{619C7141-4E52-4C25-8AF6-0C9109767C2B}"
EndProject
Project("{FAE04EC0-301F-11D3-BF4B-00C04F79EFBC}") = "MavenThought.Commons.Testing.Xunit", "main\MavenThought.Commons.Testing.Xunit\MavenThought.Commons.Testing.Xunit.csproj", "{DEA26BD0-0D03-453E-BC45-93E83CAFD3E7}"
EndProject
Project("{FAE04EC0-301F-11D3-BF4B-00C04F79EFBC}") = "MavenThought.Commons.Testing.Xunit.Tests", "test\MavenThought.Commons.Testing.Xunit.Tests\MavenThought.Commons.Testing.Xunit.Tests.csproj", "{735A6EB5-C667-48E9-8142-8ACED26EBF5F}"
EndProject
Global
	GlobalSection(TestCaseManagementSettings) = postSolution
		CategoryFile = MavenThought.Commons.Testing.vsmdi
	EndGlobalSection
	GlobalSection(SolutionConfigurationPlatforms) = preSolution
		Debug|Any CPU = Debug|Any CPU
		Release|Any CPU = Release|Any CPU
	EndGlobalSection
	GlobalSection(ProjectConfigurationPlatforms) = postSolution
		{4E58AA39-C923-4536-BAEB-3BB7D855FF13}.Debug|Any CPU.ActiveCfg = Debug|Any CPU
		{4E58AA39-C923-4536-BAEB-3BB7D855FF13}.Debug|Any CPU.Build.0 = Debug|Any CPU
		{4E58AA39-C923-4536-BAEB-3BB7D855FF13}.Release|Any CPU.ActiveCfg = Release|Any CPU
		{4E58AA39-C923-4536-BAEB-3BB7D855FF13}.Release|Any CPU.Build.0 = Release|Any CPU
		{92C3DB7B-6E96-4F66-AD74-805EFDFFA714}.Debug|Any CPU.ActiveCfg = Debug|Any CPU
		{92C3DB7B-6E96-4F66-AD74-805EFDFFA714}.Debug|Any CPU.Build.0 = Debug|Any CPU
		{92C3DB7B-6E96-4F66-AD74-805EFDFFA714}.Release|Any CPU.ActiveCfg = Release|Any CPU
		{92C3DB7B-6E96-4F66-AD74-805EFDFFA714}.Release|Any CPU.Build.0 = Release|Any CPU
		{B3D36CB1-3AA7-4A51-9F9C-CDBD9D1F382E}.Debug|Any CPU.ActiveCfg = Debug|Any CPU
		{B3D36CB1-3AA7-4A51-9F9C-CDBD9D1F382E}.Debug|Any CPU.Build.0 = Debug|Any CPU
		{B3D36CB1-3AA7-4A51-9F9C-CDBD9D1F382E}.Release|Any CPU.ActiveCfg = Release|Any CPU
		{B3D36CB1-3AA7-4A51-9F9C-CDBD9D1F382E}.Release|Any CPU.Build.0 = Release|Any CPU
		{3F3FFD58-C16D-451E-8F70-5BC2FA10E4BB}.Debug|Any CPU.ActiveCfg = Debug|Any CPU
		{3F3FFD58-C16D-451E-8F70-5BC2FA10E4BB}.Debug|Any CPU.Build.0 = Debug|Any CPU
		{3F3FFD58-C16D-451E-8F70-5BC2FA10E4BB}.Release|Any CPU.ActiveCfg = Release|Any CPU
		{3F3FFD58-C16D-451E-8F70-5BC2FA10E4BB}.Release|Any CPU.Build.0 = Release|Any CPU
		{4ECD3600-F85F-4AA0-98EB-E40C42C30C7C}.Debug|Any CPU.ActiveCfg = Debug|Any CPU
		{4ECD3600-F85F-4AA0-98EB-E40C42C30C7C}.Debug|Any CPU.Build.0 = Debug|Any CPU
		{4ECD3600-F85F-4AA0-98EB-E40C42C30C7C}.Release|Any CPU.ActiveCfg = Release|Any CPU
		{4ECD3600-F85F-4AA0-98EB-E40C42C30C7C}.Release|Any CPU.Build.0 = Release|Any CPU
		{CA9984DE-A436-4302-899B-8435F9658AEC}.Debug|Any CPU.ActiveCfg = Debug|Any CPU
		{CA9984DE-A436-4302-899B-8435F9658AEC}.Debug|Any CPU.Build.0 = Debug|Any CPU
		{CA9984DE-A436-4302-899B-8435F9658AEC}.Release|Any CPU.ActiveCfg = Release|Any CPU
		{CA9984DE-A436-4302-899B-8435F9658AEC}.Release|Any CPU.Build.0 = Release|Any CPU
		{619C7141-4E52-4C25-8AF6-0C9109767C2B}.Debug|Any CPU.ActiveCfg = Debug|Any CPU
		{619C7141-4E52-4C25-8AF6-0C9109767C2B}.Debug|Any CPU.Build.0 = Debug|Any CPU
		{619C7141-4E52-4C25-8AF6-0C9109767C2B}.Release|Any CPU.ActiveCfg = Release|Any CPU
		{619C7141-4E52-4C25-8AF6-0C9109767C2B}.Release|Any CPU.Build.0 = Release|Any CPU
		{DEA26BD0-0D03-453E-BC45-93E83CAFD3E7}.Debug|Any CPU.ActiveCfg = Debug|Any CPU
		{DEA26BD0-0D03-453E-BC45-93E83CAFD3E7}.Debug|Any CPU.Build.0 = Debug|Any CPU
		{DEA26BD0-0D03-453E-BC45-93E83CAFD3E7}.Release|Any CPU.ActiveCfg = Release|Any CPU
		{DEA26BD0-0D03-453E-BC45-93E83CAFD3E7}.Release|Any CPU.Build.0 = Release|Any CPU
		{735A6EB5-C667-48E9-8142-8ACED26EBF5F}.Debug|Any CPU.ActiveCfg = Debug|Any CPU
		{735A6EB5-C667-48E9-8142-8ACED26EBF5F}.Debug|Any CPU.Build.0 = Debug|Any CPU
		{735A6EB5-C667-48E9-8142-8ACED26EBF5F}.Release|Any CPU.ActiveCfg = Release|Any CPU
		{735A6EB5-C667-48E9-8142-8ACED26EBF5F}.Release|Any CPU.Build.0 = Release|Any CPU
	EndGlobalSection
	GlobalSection(SolutionProperties) = preSolution
		HideSolutionNode = FALSE
	EndGlobalSection
	GlobalSection(NestedProjects) = preSolution
		{92C3DB7B-6E96-4F66-AD74-805EFDFFA714} = {1AED2709-E3F1-43D7-9089-EF8AFEA56C4A}
		{3F3FFD58-C16D-451E-8F70-5BC2FA10E4BB} = {1AED2709-E3F1-43D7-9089-EF8AFEA56C4A}
		{CA9984DE-A436-4302-899B-8435F9658AEC} = {1AED2709-E3F1-43D7-9089-EF8AFEA56C4A}
		{619C7141-4E52-4C25-8AF6-0C9109767C2B} = {1AED2709-E3F1-43D7-9089-EF8AFEA56C4A}
		{735A6EB5-C667-48E9-8142-8ACED26EBF5F} = {1AED2709-E3F1-43D7-9089-EF8AFEA56C4A}
	EndGlobalSection
EndGlobal
